
Microsoft Visual Studio Solution File, Format Version 12.00
# Visual Studio 15
VisualStudioVersion = 15.0.28307.1000
MinimumVisualStudioVersion = 10.0.40219.1
Project("{FAE04EC0-301F-11D3-BF4B-00C04F79EFBC}") = "ClinicalAPI", "ClinicalAPI\ClinicalAPI.csproj", "{BA65CC69-8600-48B1-BFFB-F1B60D78D5FB}"
EndProject
Project("{FAE04EC0-301F-11D3-BF4B-00C04F79EFBC}") = "ClinicalAPITestProject1", "ClinicalAPITestProject1\ClinicalAPITestProject1.csproj", "{6FEEAB46-2A01-4594-A2D5-CF4471070524}"
EndProject
Global
	GlobalSection(SolutionConfigurationPlatforms) = preSolution
		Debug|Any CPU = Debug|Any CPU
		Release|Any CPU = Release|Any CPU
	EndGlobalSection
	GlobalSection(ProjectConfigurationPlatforms) = postSolution
		{BA65CC69-8600-48B1-BFFB-F1B60D78D5FB}.Debug|Any CPU.ActiveCfg = Debug|Any CPU
		{BA65CC69-8600-48B1-BFFB-F1B60D78D5FB}.Debug|Any CPU.Build.0 = Debug|Any CPU
		{BA65CC69-8600-48B1-BFFB-F1B60D78D5FB}.Release|Any CPU.ActiveCfg = Release|Any CPU
		{BA65CC69-8600-48B1-BFFB-F1B60D78D5FB}.Release|Any CPU.Build.0 = Release|Any CPU
		{6FEEAB46-2A01-4594-A2D5-CF4471070524}.Debug|Any CPU.ActiveCfg = Debug|Any CPU
		{6FEEAB46-2A01-4594-A2D5-CF4471070524}.Debug|Any CPU.Build.0 = Debug|Any CPU
		{6FEEAB46-2A01-4594-A2D5-CF4471070524}.Release|Any CPU.ActiveCfg = Release|Any CPU
		{6FEEAB46-2A01-4594-A2D5-CF4471070524}.Release|Any CPU.Build.0 = Release|Any CPU
	EndGlobalSection
	GlobalSection(SolutionProperties) = preSolution
		HideSolutionNode = FALSE
	EndGlobalSection
	GlobalSection(ExtensibilityGlobals) = postSolution
		SolutionGuid = {A58DD07A-CE64-4FBC-880D-AC96B4501513}
	EndGlobalSection
EndGlobal
